
Microsoft Visual Studio Solution File, Format Version 12.00
# Visual Studio Version 16
VisualStudioVersion = 25.0.1704.1
MinimumVisualStudioVersion = 10.0.40219.1
Project("{FAE04EC0-301F-11D3-BF4B-00C04F79EFBC}") = "Register", "Register\Register.csproj", "{1BD95ED1-4805-4FCD-8CF0-EA8CD755E0FD}"
EndProject
Project("{2150E333-8FDC-42A3-9474-1A3956D46DE8}") = "Solution Items", "Solution Items", "{30F0DEDC-31C1-42A6-816A-AA3CE0D6256C}"
	ProjectSection(SolutionItems) = preProject
		.editorconfig = .editorconfig
	EndProjectSection
EndProject
Global
	GlobalSection(SolutionConfigurationPlatforms) = preSolution
		Debug|Any CPU = Debug|Any CPU
		Release|Any CPU = Release|Any CPU
	EndGlobalSection
	GlobalSection(ProjectConfigurationPlatforms) = postSolution
		{1BD95ED1-4805-4FCD-8CF0-EA8CD755E0FD}.Debug|Any CPU.ActiveCfg = Debug|Any CPU
		{1BD95ED1-4805-4FCD-8CF0-EA8CD755E0FD}.Debug|Any CPU.Build.0 = Debug|Any CPU
		{1BD95ED1-4805-4FCD-8CF0-EA8CD755E0FD}.Release|Any CPU.ActiveCfg = Release|Any CPU
		{1BD95ED1-4805-4FCD-8CF0-EA8CD755E0FD}.Release|Any CPU.Build.0 = Release|Any CPU
	EndGlobalSection
	GlobalSection(SolutionProperties) = preSolution
		HideSolutionNode = FALSE
	EndGlobalSection
	GlobalSection(ExtensibilityGlobals) = postSolution
		SolutionGuid = {FD6ED88D-0D71-4F74-A7B2-6D01F53CC071}
	EndGlobalSection
EndGlobal
